
Microsoft Visual Studio Solution File, Format Version 12.00
# Visual Studio Version 17
VisualStudioVersion = 17.4.33213.308
MinimumVisualStudioVersion = 10.0.40219.1
Project("{9A19103F-16F7-4668-BE54-9A1E7A4F7556}") = "jacobrhensley", "jacobrhensley.github.io\jacobrhensley.csproj", "{DB173F89-0E97-40BD-8508-7EEBDAF4462D}"
EndProject
Global
	GlobalSection(SolutionConfigurationPlatforms) = preSolution
		Debug|Any CPU = Debug|Any CPU
		Release|Any CPU = Release|Any CPU
	EndGlobalSection
	GlobalSection(ProjectConfigurationPlatforms) = postSolution
		{DB173F89-0E97-40BD-8508-7EEBDAF4462D}.Debug|Any CPU.ActiveCfg = Debug|Any CPU
		{DB173F89-0E97-40BD-8508-7EEBDAF4462D}.Debug|Any CPU.Build.0 = Debug|Any CPU
		{DB173F89-0E97-40BD-8508-7EEBDAF4462D}.Release|Any CPU.ActiveCfg = Release|Any CPU
		{DB173F89-0E97-40BD-8508-7EEBDAF4462D}.Release|Any CPU.Build.0 = Release|Any CPU
	EndGlobalSection
	GlobalSection(SolutionProperties) = preSolution
		HideSolutionNode = FALSE
	EndGlobalSection
	GlobalSection(ExtensibilityGlobals) = postSolution
		SolutionGuid = {932C8CAC-121A-4462-BE7C-6143D753B5A0}
	EndGlobalSection
EndGlobal
